// !$*UTF8*$!
{
	archiveVersion = 1;
	classes = {
	};
	objectVersion = 50;
	objects = {

/* Begin PBXBuildFile section */
		0F23C811210180DA009D3EA6 /* AppDelegate.swift in Sources */ = {isa = PBXBuildFile; fileRef = 0F23C810210180DA009D3EA6 /* AppDelegate.swift */; };
		0F23C813210180DA009D3EA6 /* ViewController.swift in Sources */ = {isa = PBXBuildFile; fileRef = 0F23C812210180DA009D3EA6 /* ViewController.swift */; };
		0F23C816210180DA009D3EA6 /* Main.storyboard in Resources */ = {isa = PBXBuildFile; fileRef = 0F23C814210180DA009D3EA6 /* Main.storyboard */; };
		0F23C818210180DB009D3EA6 /* Assets.xcassets in Resources */ = {isa = PBXBuildFile; fileRef = 0F23C817210180DB009D3EA6 /* Assets.xcassets */; };
		0F23C81B210180DB009D3EA6 /* LaunchScreen.storyboard in Resources */ = {isa = PBXBuildFile; fileRef = 0F23C819210180DB009D3EA6 /* LaunchScreen.storyboard */; };
		0F5C9BF52105226D00D4FAD4 /* EverythingElse.swift in Sources */ = {isa = PBXBuildFile; fileRef = 0F5C9BF42105226D00D4FAD4 /* EverythingElse.swift */; };
		0F5C9BF72105266500D4FAD4 /* HalfMetersExtension.swift in Sources */ = {isa = PBXBuildFile; fileRef = 0F5C9BF62105266500D4FAD4 /* HalfMetersExtension.swift */; };
		0F61BF7C212C67F900C320A7 /* ResultsViewController.swift in Sources */ = {isa = PBXBuildFile; fileRef = 0F61BF7B212C67F900C320A7 /* ResultsViewController.swift */; };
		0F6D565421B488A5002180B8 /* Scene.swift in Sources */ = {isa = PBXBuildFile; fileRef = 0F6D565221B488A4002180B8 /* Scene.swift */; };
		0F6D565521B488A5002180B8 /* ARViewController.swift in Sources */ = {isa = PBXBuildFile; fileRef = 0F6D565321B488A4002180B8 /* ARViewController.swift */; };
		0F8E34C921041ABE00380FD0 /* ProductClasses.swift in Sources */ = {isa = PBXBuildFile; fileRef = 0F8E34C821041ABE00380FD0 /* ProductClasses.swift */; };
		0F8E34CB21041B1D00380FD0 /* AspectRatioSwitch.swift in Sources */ = {isa = PBXBuildFile; fileRef = 0F8E34CA21041B1D00380FD0 /* AspectRatioSwitch.swift */; };
/* End PBXBuildFile section */

/* Begin PBXFileReference section */
		0F23C80D210180DA009D3EA6 /* LEDwallApp.app */ = {isa = PBXFileReference; explicitFileType = wrapper.application; includeInIndex = 0; path = LEDwallApp.app; sourceTree = BUILT_PRODUCTS_DIR; };
		0F23C810210180DA009D3EA6 /* AppDelegate.swift */ = {isa = PBXFileReference; lastKnownFileType = sourcecode.swift; path = AppDelegate.swift; sourceTree = "<group>"; };
		0F23C812210180DA009D3EA6 /* ViewController.swift */ = {isa = PBXFileReference; lastKnownFileType = sourcecode.swift; path = ViewController.swift; sourceTree = "<group>"; };
		0F23C815210180DA009D3EA6 /* Base */ = {isa = PBXFileReference; lastKnownFileType = file.storyboard; name = Base; path = Base.lproj/Main.storyboard; sourceTree = "<group>"; };
		0F23C817210180DB009D3EA6 /* Assets.xcassets */ = {isa = PBXFileReference; lastKnownFileType = folder.assetcatalog; path = Assets.xcassets; sourceTree = "<group>"; };
		0F23C81A210180DB009D3EA6 /* Base */ = {isa = PBXFileReference; lastKnownFileType = file.storyboard; name = Base; path = Base.lproj/LaunchScreen.storyboard; sourceTree = "<group>"; };
		0F23C81C210180DB009D3EA6 /* Info.plist */ = {isa = PBXFileReference; lastKnownFileType = text.plist.xml; path = Info.plist; sourceTree = "<group>"; };
		0F5C9BF42105226D00D4FAD4 /* EverythingElse.swift */ = {isa = PBXFileReference; lastKnownFileType = sourcecode.swift; path = EverythingElse.swift; sourceTree = "<group>"; };
		0F5C9BF62105266500D4FAD4 /* HalfMetersExtension.swift */ = {isa = PBXFileReference; lastKnownFileType = sourcecode.swift; path = HalfMetersExtension.swift; sourceTree = "<group>"; };
		0F61BF7B212C67F900C320A7 /* ResultsViewController.swift */ = {isa = PBXFileReference; lastKnownFileType = sourcecode.swift; path = ResultsViewController.swift; sourceTree = "<group>"; };
		0F6D565221B488A4002180B8 /* Scene.swift */ = {isa = PBXFileReference; fileEncoding = 4; lastKnownFileType = sourcecode.swift; path = Scene.swift; sourceTree = "<group>"; };
		0F6D565321B488A4002180B8 /* ARViewController.swift */ = {isa = PBXFileReference; fileEncoding = 4; lastKnownFileType = sourcecode.swift; name = ARViewController.swift; path = ../../ARTest/ARTest/ARViewController.swift; sourceTree = "<group>"; };
		0F8E34C821041ABE00380FD0 /* ProductClasses.swift */ = {isa = PBXFileReference; lastKnownFileType = sourcecode.swift; path = ProductClasses.swift; sourceTree = "<group>"; };
		0F8E34CA21041B1D00380FD0 /* AspectRatioSwitch.swift */ = {isa = PBXFileReference; lastKnownFileType = sourcecode.swift; path = AspectRatioSwitch.swift; sourceTree = "<group>"; };
/* End PBXFileReference section */

/* Begin PBXFrameworksBuildPhase section */
		0F23C80A210180DA009D3EA6 /* Frameworks */ = {
			isa = PBXFrameworksBuildPhase;
			buildActionMask = 2147483647;
			files = (
			);
			runOnlyForDeploymentPostprocessing = 0;
		};
/* End PBXFrameworksBuildPhase section */

/* Begin PBXGroup section */
		0F23C804210180DA009D3EA6 = {
			isa = PBXGroup;
			children = (
				0F23C80F210180DA009D3EA6 /* LEDwallApp */,
				0F23C80E210180DA009D3EA6 /* Products */,
			);
			sourceTree = "<group>";
		};
		0F23C80E210180DA009D3EA6 /* Products */ = {
			isa = PBXGroup;
			children = (
				0F23C80D210180DA009D3EA6 /* LEDwallApp.app */,
			);
			name = Products;
			sourceTree = "<group>";
		};
		0F23C80F210180DA009D3EA6 /* LEDwallApp */ = {
			isa = PBXGroup;
			children = (
				0F5C9BF42105226D00D4FAD4 /* EverythingElse.swift */,
				0F5C9BF62105266500D4FAD4 /* HalfMetersExtension.swift */,
				0F8E34CA21041B1D00380FD0 /* AspectRatioSwitch.swift */,
				0F8E34C821041ABE00380FD0 /* ProductClasses.swift */,
				0F23C810210180DA009D3EA6 /* AppDelegate.swift */,
				0F23C812210180DA009D3EA6 /* ViewController.swift */,
				0F61BF7B212C67F900C320A7 /* ResultsViewController.swift */,
				0F23C817210180DB009D3EA6 /* Assets.xcassets */,
				0F23C819210180DB009D3EA6 /* LaunchScreen.storyboard */,
				0F6D565221B488A4002180B8 /* Scene.swift */,
				0F6D565321B488A4002180B8 /* ARViewController.swift */,
				0F23C814210180DA009D3EA6 /* Main.storyboard */,
				0F23C81C210180DB009D3EA6 /* Info.plist */,
			);
			path = LEDwallApp;
			sourceTree = "<group>";
		};
/* End PBXGroup section */

/* Begin PBXNativeTarget section */
		0F23C80C210180DA009D3EA6 /* LEDwallApp */ = {
			isa = PBXNativeTarget;
			buildConfigurationList = 0F23C81F210180DB009D3EA6 /* Build configuration list for PBXNativeTarget "LEDwallApp" */;
			buildPhases = (
				0F23C809210180DA009D3EA6 /* Sources */,
				0F23C80A210180DA009D3EA6 /* Frameworks */,
				0F23C80B210180DA009D3EA6 /* Resources */,
			);
			buildRules = (
			);
			dependencies = (
			);
			name = LEDwallApp;
			productName = LEDwallApp;
			productReference = 0F23C80D210180DA009D3EA6 /* LEDwallApp.app */;
			productType = "com.apple.product-type.application";
		};
/* End PBXNativeTarget section */

/* Begin PBXProject section */
		0F23C805210180DA009D3EA6 /* Project object */ = {
			isa = PBXProject;
			attributes = {
				LastSwiftUpdateCheck = 0940;
				LastUpgradeCheck = 0940;
				ORGANIZATIONNAME = "Travis Brigman";
				TargetAttributes = {
					0F23C80C210180DA009D3EA6 = {
						CreatedOnToolsVersion = 9.4.1;
						LastSwiftMigration = 1000;
					};
				};
			};
			buildConfigurationList = 0F23C808210180DA009D3EA6 /* Build configuration list for PBXProject "LEDwallApp" */;
			compatibilityVersion = "Xcode 9.3";
			developmentRegion = en;
			hasScannedForEncodings = 0;
			knownRegions = (
				en,
				Base,
			);
			mainGroup = 0F23C804210180DA009D3EA6;
			productRefGroup = 0F23C80E210180DA009D3EA6 /* Products */;
			projectDirPath = "";
			projectRoot = "";
			targets = (
				0F23C80C210180DA009D3EA6 /* LEDwallApp */,
			);
		};
/* End PBXProject section */

/* Begin PBXResourcesBuildPhase section */
		0F23C80B210180DA009D3EA6 /* Resources */ = {
			isa = PBXResourcesBuildPhase;
			buildActionMask = 2147483647;
			files = (
				0F23C81B210180DB009D3EA6 /* LaunchScreen.storyboard in Resources */,
				0F23C818210180DB009D3EA6 /* Assets.xcassets in Resources */,
				0F23C816210180DA009D3EA6 /* Main.storyboard in Resources */,
			);
			runOnlyForDeploymentPostprocessing = 0;
		};
/* End PBXResourcesBuildPhase section */

/* Begin PBXSourcesBuildPhase section */
		0F23C809210180DA009D3EA6 /* Sources */ = {
			isa = PBXSourcesBuildPhase;
			buildActionMask = 2147483647;
			files = (
				0F23C813210180DA009D3EA6 /* ViewController.swift in Sources */,
				0F23C811210180DA009D3EA6 /* AppDelegate.swift in Sources */,
				0F5C9BF72105266500D4FAD4 /* HalfMetersExtension.swift in Sources */,
				0F6D565521B488A5002180B8 /* ARViewController.swift in Sources */,
				0F61BF7C212C67F900C320A7 /* ResultsViewController.swift in Sources */,
				0F6D565421B488A5002180B8 /* Scene.swift in Sources */,
				0F8E34C921041ABE00380FD0 /* ProductClasses.swift in Sources */,
				0F8E34CB21041B1D00380FD0 /* AspectRatioSwitch.swift in Sources */,
				0F5C9BF52105226D00D4FAD4 /* EverythingElse.swift in Sources */,
			);
			runOnlyForDeploymentPostprocessing = 0;
		};
/* End PBXSourcesBuildPhase section */

/* Begin PBXVariantGroup section */
		0F23C814210180DA009D3EA6 /* Main.storyboard */ = {
			isa = PBXVariantGroup;
			children = (
				0F23C815210180DA009D3EA6 /* Base */,
			);
			name = Main.storyboard;
			sourceTree = "<group>";
		};
		0F23C819210180DB009D3EA6 /* LaunchScreen.storyboard */ = {
			isa = PBXVariantGroup;
			children = (
				0F23C81A210180DB009D3EA6 /* Base */,
			);
			name = LaunchScreen.storyboard;
			sourceTree = "<group>";
		};
/* End PBXVariantGroup section */

/* Begin XCBuildConfiguration section */
		0F23C81D210180DB009D3EA6 /* Debug */ = {
			isa = XCBuildConfiguration;
			buildSettings = {
				ALWAYS_SEARCH_USER_PATHS = NO;
				CLANG_ANALYZER_NONNULL = YES;
				CLANG_ANALYZER_NUMBER_OBJECT_CONVERSION = YES_AGGRESSIVE;
				CLANG_CXX_LANGUAGE_STANDARD = "gnu++14";
				CLANG_CXX_LIBRARY = "libc++";
				CLANG_ENABLE_MODULES = YES;
				CLANG_ENABLE_OBJC_ARC = YES;
				CLANG_ENABLE_OBJC_WEAK = YES;
				CLANG_WARN_BLOCK_CAPTURE_AUTORELEASING = YES;
				CLANG_WARN_BOOL_CONVERSION = YES;
				CLANG_WARN_COMMA = YES;
				CLANG_WARN_CONSTANT_CONVERSION = YES;
				CLANG_WARN_DEPRECATED_OBJC_IMPLEMENTATIONS = YES;
				CLANG_WARN_DIRECT_OBJC_ISA_USAGE = YES_ERROR;
				CLANG_WARN_DOCUMENTATION_COMMENTS = YES;
				CLANG_WARN_EMPTY_BODY = YES;
				CLANG_WARN_ENUM_CONVERSION = YES;
				CLANG_WARN_INFINITE_RECURSION = YES;
				CLANG_WARN_INT_CONVERSION = YES;
				CLANG_WARN_NON_LITERAL_NULL_CONVERSION = YES;
				CLANG_WARN_OBJC_IMPLICIT_RETAIN_SELF = YES;
				CLANG_WARN_OBJC_LITERAL_CONVERSION = YES;
				CLANG_WARN_OBJC_ROOT_CLASS = YES_ERROR;
				CLANG_WARN_RANGE_LOOP_ANALYSIS = YES;
				CLANG_WARN_STRICT_PROTOTYPES = YES;
				CLANG_WARN_SUSPICIOUS_MOVE = YES;
				CLANG_WARN_UNGUARDED_AVAILABILITY = YES_AGGRESSIVE;
				CLANG_WARN_UNREACHABLE_CODE = YES;
				CLANG_WARN__DUPLICATE_METHOD_MATCH = YES;
				CODE_SIGN_IDENTITY = "iPhone Developer";
				COPY_PHASE_STRIP = NO;
				DEBUG_INFORMATION_FORMAT = dwarf;
				ENABLE_STRICT_OBJC_MSGSEND = YES;
				ENABLE_TESTABILITY = YES;
				GCC_C_LANGUAGE_STANDARD = gnu11;
				GCC_DYNAMIC_NO_PIC = NO;
				GCC_NO_COMMON_BLOCKS = YES;
				GCC_OPTIMIZATION_LEVEL = 0;
				GCC_PREPROCESSOR_DEFINITIONS = (
					"DEBUG=1",
					"$(inherited)",
				);
				GCC_WARN_64_TO_32_BIT_CONVERSION = YES;
				GCC_WARN_ABOUT_RETURN_TYPE = YES_ERROR;
				GCC_WARN_UNDECLARED_SELECTOR = YES;
				GCC_WARN_UNINITIALIZED_AUTOS = YES_AGGRESSIVE;
				GCC_WARN_UNUSED_FUNCTION = YES;
				GCC_WARN_UNUSED_VARIABLE = YES;
				IPHONEOS_DEPLOYMENT_TARGET = 11.4;
				MTL_ENABLE_DEBUG_INFO = YES;
				ONLY_ACTIVE_ARCH = YES;
				SDKROOT = iphoneos;
				SWIFT_ACTIVE_COMPILATION_CONDITIONS = DEBUG;
				SWIFT_OPTIMIZATION_LEVEL = "-Onone";
			};
			name = Debug;
		};
		0F23C81E210180DB009D3EA6 /* Release */ = {
			isa = XCBuildConfiguration;
			buildSettings = {
				ALWAYS_SEARCH_USER_PATHS = NO;
				CLANG_ANALYZER_NONNULL = YES;
				CLANG_ANALYZER_NUMBER_OBJECT_CONVERSION = YES_AGGRESSIVE;
				CLANG_CXX_LANGUAGE_STANDARD = "gnu++14";
				CLANG_CXX_LIBRARY = "libc++";
				CLANG_ENABLE_MODULES = YES;
				CLANG_ENABLE_OBJC_ARC = YES;
				CLANG_ENABLE_OBJC_WEAK = YES;
				CLANG_WARN_BLOCK_CAPTURE_AUTORELEASING = YES;
				CLANG_WARN_BOOL_CONVERSION = YES;
				CLANG_WARN_COMMA = YES;
				CLANG_WARN_CONSTANT_CONVERSION = YES;
				CLANG_WARN_DEPRECATED_OBJC_IMPLEMENTATIONS = YES;
				CLANG_WARN_DIRECT_OBJC_ISA_USAGE = YES_ERROR;
				CLANG_WARN_DOCUMENTATION_COMMENTS = YES;
				CLANG_WARN_EMPTY_BODY = YES;
				CLANG_WARN_ENUM_CONVERSION = YES;
				CLANG_WARN_INFINITE_RECURSION = YES;
				CLANG_WARN_INT_CONVERSION = YES;
				CLANG_WARN_NON_LITERAL_NULL_CONVERSION = YES;
				CLANG_WARN_OBJC_IMPLICIT_RETAIN_SELF = YES;
				CLANG_WARN_OBJC_LITERAL_CONVERSION = YES;
				CLANG_WARN_OBJC_ROOT_CLASS = YES_ERROR;
				CLANG_WARN_RANGE_LOOP_ANALYSIS = YES;
				CLANG_WARN_STRICT_PROTOTYPES = YES;
				CLANG_WARN_SUSPICIOUS_MOVE = YES;
				CLANG_WARN_UNGUARDED_AVAILABILITY = YES_AGGRESSIVE;
				CLANG_WARN_UNREACHABLE_CODE = YES;
				CLANG_WARN__DUPLICATE_METHOD_MATCH = YES;
				CODE_SIGN_IDENTITY = "iPhone Developer";
				COPY_PHASE_STRIP = NO;
				DEBUG_INFORMATION_FORMAT = "dwarf-with-dsym";
				ENABLE_NS_ASSERTIONS = NO;
				ENABLE_STRICT_OBJC_MSGSEND = YES;
				GCC_C_LANGUAGE_STANDARD = gnu11;
				GCC_NO_COMMON_BLOCKS = YES;
				GCC_WARN_64_TO_32_BIT_CONVERSION = YES;
				GCC_WARN_ABOUT_RETURN_TYPE = YES_ERROR;
				GCC_WARN_UNDECLARED_SELECTOR = YES;
				GCC_WARN_UNINITIALIZED_AUTOS = YES_AGGRESSIVE;
				GCC_WARN_UNUSED_FUNCTION = YES;
				GCC_WARN_UNUSED_VARIABLE = YES;
				IPHONEOS_DEPLOYMENT_TARGET = 11.4;
				MTL_ENABLE_DEBUG_INFO = NO;
				SDKROOT = iphoneos;
				SWIFT_COMPILATION_MODE = wholemodule;
				SWIFT_OPTIMIZATION_LEVEL = "-O";
				VALIDATE_PRODUCT = YES;
			};
			name = Release;
		};
		0F23C820210180DB009D3EA6 /* Debug */ = {
			isa = XCBuildConfiguration;
			buildSettings = {
				ASSETCATALOG_COMPILER_APPICON_NAME = AppIcon;
				CODE_SIGN_STYLE = Automatic;
				DEVELOPMENT_TEAM = 73X37M5BQV;
				INFOPLIST_FILE = LEDwallApp/Info.plist;
				LD_RUNPATH_SEARCH_PATHS = (
					"$(inherited)",
					"@executable_path/Frameworks",
				);
				PRODUCT_BUNDLE_IDENTIFIER = TravisRBrigman.LEDwallApp;
				PRODUCT_NAME = "$(TARGET_NAME)";
				SWIFT_VERSION = 4.2;
				TARGETED_DEVICE_FAMILY = "1,2";
			};
			name = Debug;
		};
		0F23C821210180DB009D3EA6 /* Release */ = {
			isa = XCBuildConfiguration;
			buildSettings = {
				ASSETCATALOG_COMPILER_APPICON_NAME = AppIcon;
				CODE_SIGN_STYLE = Automatic;
				DEVELOPMENT_TEAM = 73X37M5BQV;
				INFOPLIST_FILE = LEDwallApp/Info.plist;
				LD_RUNPATH_SEARCH_PATHS = (
					"$(inherited)",
					"@executable_path/Frameworks",
				);
				PRODUCT_BUNDLE_IDENTIFIER = TravisRBrigman.LEDwallApp;
				PRODUCT_NAME = "$(TARGET_NAME)";
				SWIFT_VERSION = 4.2;
				TARGETED_DEVICE_FAMILY = "1,2";
			};
			name = Release;
		};
/* End XCBuildConfiguration section */

/* Begin XCConfigurationList section */
		0F23C808210180DA009D3EA6 /* Build configuration list for PBXProject "LEDwallApp" */ = {
			isa = XCConfigurationList;
			buildConfigurations = (
				0F23C81D210180DB009D3EA6 /* Debug */,
				0F23C81E210180DB009D3EA6 /* Release */,
			);
			defaultConfigurationIsVisible = 0;
			defaultConfigurationName = Release;
		};
		0F23C81F210180DB009D3EA6 /* Build configuration list for PBXNativeTarget "LEDwallApp" */ = {
			isa = XCConfigurationList;
			buildConfigurations = (
				0F23C820210180DB009D3EA6 /* Debug */,
				0F23C821210180DB009D3EA6 /* Release */,
			);
			defaultConfigurationIsVisible = 0;
			defaultConfigurationName = Release;
		};
/* End XCConfigurationList section */
	};
	rootObject = 0F23C805210180DA009D3EA6 /* Project object */;
}
